// !$*UTF8*$!
{
	archiveVersion = 1;
	classes = {
	};
	objectVersion = 46;
	objects = {

/* Begin PBXBuildFile section */
		F65ABA2D212F308E006C9A53 /* AppDelegate.swift in Sources */ = {isa = PBXBuildFile; fileRef = F65ABA2C212F308E006C9A53 /* AppDelegate.swift */; };
		F65ABA2F212F308E006C9A53 /* ViewController.swift in Sources */ = {isa = PBXBuildFile; fileRef = F65ABA2E212F308E006C9A53 /* ViewController.swift */; };
		F65ABA32212F308E006C9A53 /* Main.storyboard in Resources */ = {isa = PBXBuildFile; fileRef = F65ABA30212F308E006C9A53 /* Main.storyboard */; };
		F65ABA34212F308E006C9A53 /* Assets.xcassets in Resources */ = {isa = PBXBuildFile; fileRef = F65ABA33212F308E006C9A53 /* Assets.xcassets */; };
		F65ABA37212F308E006C9A53 /* LaunchScreen.storyboard in Resources */ = {isa = PBXBuildFile; fileRef = F65ABA35212F308E006C9A53 /* LaunchScreen.storyboard */; };
		F65ABA42212F308E006C9A53 /* TipCalculatorTests.swift in Sources */ = {isa = PBXBuildFile; fileRef = F65ABA41212F308E006C9A53 /* TipCalculatorTests.swift */; };
		F65ABA4D212F308E006C9A53 /* TipCalculatorUITests.swift in Sources */ = {isa = PBXBuildFile; fileRef = F65ABA4C212F308E006C9A53 /* TipCalculatorUITests.swift */; };
/* End PBXBuildFile section */

/* Begin PBXContainerItemProxy section */
		F65ABA3E212F308E006C9A53 /* PBXContainerItemProxy */ = {
			isa = PBXContainerItemProxy;
			containerPortal = F65ABA21212F308E006C9A53 /* Project object */;
			proxyType = 1;
			remoteGlobalIDString = F65ABA28212F308E006C9A53;
			remoteInfo = TipCalculator;
		};
		F65ABA49212F308E006C9A53 /* PBXContainerItemProxy */ = {
			isa = PBXContainerItemProxy;
			containerPortal = F65ABA21212F308E006C9A53 /* Project object */;
			proxyType = 1;
			remoteGlobalIDString = F65ABA28212F308E006C9A53;
			remoteInfo = TipCalculator;
		};
/* End PBXContainerItemProxy section */

/* Begin PBXFileReference section */
		F65ABA29212F308E006C9A53 /* TipCalculator.app */ = {isa = PBXFileReference; explicitFileType = wrapper.application; includeInIndex = 0; path = TipCalculator.app; sourceTree = BUILT_PRODUCTS_DIR; };
		F65ABA2C212F308E006C9A53 /* AppDelegate.swift */ = {isa = PBXFileReference; lastKnownFileType = sourcecode.swift; path = AppDelegate.swift; sourceTree = "<group>"; };
		F65ABA2E212F308E006C9A53 /* ViewController.swift */ = {isa = PBXFileReference; lastKnownFileType = sourcecode.swift; path = ViewController.swift; sourceTree = "<group>"; };
		F65ABA31212F308E006C9A53 /* Base */ = {isa = PBXFileReference; lastKnownFileType = file.storyboard; name = Base; path = Base.lproj/Main.storyboard; sourceTree = "<group>"; };
		F65ABA33212F308E006C9A53 /* Assets.xcassets */ = {isa = PBXFileReference; lastKnownFileType = folder.assetcatalog; path = Assets.xcassets; sourceTree = "<group>"; };
		F65ABA36212F308E006C9A53 /* Base */ = {isa = PBXFileReference; lastKnownFileType = file.storyboard; name = Base; path = Base.lproj/LaunchScreen.storyboard; sourceTree = "<group>"; };
		F65ABA38212F308E006C9A53 /* Info.plist */ = {isa = PBXFileReference; lastKnownFileType = text.plist.xml; path = Info.plist; sourceTree = "<group>"; };
		F65ABA3D212F308E006C9A53 /* TipCalculatorTests.xctest */ = {isa = PBXFileReference; explicitFileType = wrapper.cfbundle; includeInIndex = 0; path = TipCalculatorTests.xctest; sourceTree = BUILT_PRODUCTS_DIR; };
		F65ABA41212F308E006C9A53 /* TipCalculatorTests.swift */ = {isa = PBXFileReference; lastKnownFileType = sourcecode.swift; path = TipCalculatorTests.swift; sourceTree = "<group>"; };
		F65ABA43212F308E006C9A53 /* Info.plist */ = {isa = PBXFileReference; lastKnownFileType = text.plist.xml; path = Info.plist; sourceTree = "<group>"; };
		F65ABA48212F308E006C9A53 /* TipCalculatorUITests.xctest */ = {isa = PBXFileReference; explicitFileType = wrapper.cfbundle; includeInIndex = 0; path = TipCalculatorUITests.xctest; sourceTree = BUILT_PRODUCTS_DIR; };
		F65ABA4C212F308E006C9A53 /* TipCalculatorUITests.swift */ = {isa = PBXFileReference; lastKnownFileType = sourcecode.swift; path = TipCalculatorUITests.swift; sourceTree = "<group>"; };
		F65ABA4E212F308E006C9A53 /* Info.plist */ = {isa = PBXFileReference; lastKnownFileType = text.plist.xml; path = Info.plist; sourceTree = "<group>"; };
/* End PBXFileReference section */

/* Begin PBXFrameworksBuildPhase section */
		F65ABA26212F308E006C9A53 /* Frameworks */ = {
			isa = PBXFrameworksBuildPhase;
			buildActionMask = 2147483647;
			files = (
			);
			runOnlyForDeploymentPostprocessing = 0;
		};
		F65ABA3A212F308E006C9A53 /* Frameworks */ = {
			isa = PBXFrameworksBuildPhase;
			buildActionMask = 2147483647;
			files = (
			);
			runOnlyForDeploymentPostprocessing = 0;
		};
		F65ABA45212F308E006C9A53 /* Frameworks */ = {
			isa = PBXFrameworksBuildPhase;
			buildActionMask = 2147483647;
			files = (
			);
			runOnlyForDeploymentPostprocessing = 0;
		};
/* End PBXFrameworksBuildPhase section */

/* Begin PBXGroup section */
		F65ABA20212F308E006C9A53 = {
			isa = PBXGroup;
			children = (
				F65ABA2B212F308E006C9A53 /* TipCalculator */,
				F65ABA40212F308E006C9A53 /* TipCalculatorTests */,
				F65ABA4B212F308E006C9A53 /* TipCalculatorUITests */,
				F65ABA2A212F308E006C9A53 /* Products */,
			);
			sourceTree = "<group>";
		};
		F65ABA2A212F308E006C9A53 /* Products */ = {
			isa = PBXGroup;
			children = (
				F65ABA29212F308E006C9A53 /* TipCalculator.app */,
				F65ABA3D212F308E006C9A53 /* TipCalculatorTests.xctest */,
				F65ABA48212F308E006C9A53 /* TipCalculatorUITests.xctest */,
			);
			name = Products;
			sourceTree = "<group>";
		};
		F65ABA2B212F308E006C9A53 /* TipCalculator */ = {
			isa = PBXGroup;
			children = (
				F65ABA2C212F308E006C9A53 /* AppDelegate.swift */,
				F65ABA2E212F308E006C9A53 /* ViewController.swift */,
				F65ABA30212F308E006C9A53 /* Main.storyboard */,
				F65ABA33212F308E006C9A53 /* Assets.xcassets */,
				F65ABA35212F308E006C9A53 /* LaunchScreen.storyboard */,
				F65ABA38212F308E006C9A53 /* Info.plist */,
			);
			path = TipCalculator;
			sourceTree = "<group>";
		};
		F65ABA40212F308E006C9A53 /* TipCalculatorTests */ = {
			isa = PBXGroup;
			children = (
				F65ABA41212F308E006C9A53 /* TipCalculatorTests.swift */,
				F65ABA43212F308E006C9A53 /* Info.plist */,
			);
			path = TipCalculatorTests;
			sourceTree = "<group>";
		};
		F65ABA4B212F308E006C9A53 /* TipCalculatorUITests */ = {
			isa = PBXGroup;
			children = (
				F65ABA4C212F308E006C9A53 /* TipCalculatorUITests.swift */,
				F65ABA4E212F308E006C9A53 /* Info.plist */,
			);
			path = TipCalculatorUITests;
			sourceTree = "<group>";
		};
/* End PBXGroup section */

/* Begin PBXNativeTarget section */
		F65ABA28212F308E006C9A53 /* TipCalculator */ = {
			isa = PBXNativeTarget;
			buildConfigurationList = F65ABA51212F308E006C9A53 /* Build configuration list for PBXNativeTarget "TipCalculator" */;
			buildPhases = (
				F65ABA25212F308E006C9A53 /* Sources */,
				F65ABA26212F308E006C9A53 /* Frameworks */,
				F65ABA27212F308E006C9A53 /* Resources */,
			);
			buildRules = (
			);
			dependencies = (
			);
			name = TipCalculator;
			productName = TipCalculator;
			productReference = F65ABA29212F308E006C9A53 /* TipCalculator.app */;
			productType = "com.apple.product-type.application";
		};
		F65ABA3C212F308E006C9A53 /* TipCalculatorTests */ = {
			isa = PBXNativeTarget;
			buildConfigurationList = F65ABA54212F308E006C9A53 /* Build configuration list for PBXNativeTarget "TipCalculatorTests" */;
			buildPhases = (
				F65ABA39212F308E006C9A53 /* Sources */,
				F65ABA3A212F308E006C9A53 /* Frameworks */,
				F65ABA3B212F308E006C9A53 /* Resources */,
			);
			buildRules = (
			);
			dependencies = (
				F65ABA3F212F308E006C9A53 /* PBXTargetDependency */,
			);
			name = TipCalculatorTests;
			productName = TipCalculatorTests;
			productReference = F65ABA3D212F308E006C9A53 /* TipCalculatorTests.xctest */;
			productType = "com.apple.product-type.bundle.unit-test";
		};
		F65ABA47212F308E006C9A53 /* TipCalculatorUITests */ = {
			isa = PBXNativeTarget;
			buildConfigurationList = F65ABA57212F308E006C9A53 /* Build configuration list for PBXNativeTarget "TipCalculatorUITests" */;
			buildPhases = (
				F65ABA44212F308E006C9A53 /* Sources */,
				F65ABA45212F308E006C9A53 /* Frameworks */,
				F65ABA46212F308E006C9A53 /* Resources */,
			);
			buildRules = (
			);
			dependencies = (
				F65ABA4A212F308E006C9A53 /* PBXTargetDependency */,
			);
			name = TipCalculatorUITests;
			productName = TipCalculatorUITests;
			productReference = F65ABA48212F308E006C9A53 /* TipCalculatorUITests.xctest */;
			productType = "com.apple.product-type.bundle.ui-testing";
		};
/* End PBXNativeTarget section */

/* Begin PBXProject section */
		F65ABA21212F308E006C9A53 /* Project object */ = {
			isa = PBXProject;
			attributes = {
				LastSwiftUpdateCheck = 0830;
				LastUpgradeCheck = 0830;
				ORGANIZATIONNAME = "Shrijan Aryal";
				TargetAttributes = {
					F65ABA28212F308E006C9A53 = {
						CreatedOnToolsVersion = 8.3.3;
						ProvisioningStyle = Automatic;
					};
					F65ABA3C212F308E006C9A53 = {
						CreatedOnToolsVersion = 8.3.3;
						ProvisioningStyle = Automatic;
						TestTargetID = F65ABA28212F308E006C9A53;
					};
					F65ABA47212F308E006C9A53 = {
						CreatedOnToolsVersion = 8.3.3;
						ProvisioningStyle = Automatic;
						TestTargetID = F65ABA28212F308E006C9A53;
					};
				};
			};
			buildConfigurationList = F65ABA24212F308E006C9A53 /* Build configuration list for PBXProject "TipCalculator" */;
			compatibilityVersion = "Xcode 3.2";
			developmentRegion = English;
			hasScannedForEncodings = 0;
			knownRegions = (
				en,
				Base,
			);
			mainGroup = F65ABA20212F308E006C9A53;
			productRefGroup = F65ABA2A212F308E006C9A53 /* Products */;
			projectDirPath = "";
			projectRoot = "";
			targets = (
				F65ABA28212F308E006C9A53 /* TipCalculator */,
				F65ABA3C212F308E006C9A53 /* TipCalculatorTests */,
				F65ABA47212F308E006C9A53 /* TipCalculatorUITests */,
			);
		};
/* End PBXProject section */

/* Begin PBXResourcesBuildPhase section */
		F65ABA27212F308E006C9A53 /* Resources */ = {
			isa = PBXResourcesBuildPhase;
			buildActionMask = 2147483647;
			files = (
				F65ABA37212F308E006C9A53 /* LaunchScreen.storyboard in Resources */,
				F65ABA34212F308E006C9A53 /* Assets.xcassets in Resources */,
				F65ABA32212F308E006C9A53 /* Main.storyboard in Resources */,
			);
			runOnlyForDeploymentPostprocessing = 0;
		};
		F65ABA3B212F308E006C9A53 /* Resources */ = {
			isa = PBXResourcesBuildPhase;
			buildActionMask = 2147483647;
			files = (
			);
			runOnlyForDeploymentPostprocessing = 0;
		};
		F65ABA46212F308E006C9A53 /* Resources */ = {
			isa = PBXResourcesBuildPhase;
			buildActionMask = 2147483647;
			files = (
			);
			runOnlyForDeploymentPostprocessing = 0;
		};
/* End PBXResourcesBuildPhase section */

/* Begin PBXSourcesBuildPhase section */
		F65ABA25212F308E006C9A53 /* Sources */ = {
			isa = PBXSourcesBuildPhase;
			buildActionMask = 2147483647;
			files = (
				F65ABA2F212F308E006C9A53 /* ViewController.swift in Sources */,
				F65ABA2D212F308E006C9A53 /* AppDelegate.swift in Sources */,
			);
			runOnlyForDeploymentPostprocessing = 0;
		};
		F65ABA39212F308E006C9A53 /* Sources */ = {
			isa = PBXSourcesBuildPhase;
			buildActionMask = 2147483647;
			files = (
				F65ABA42212F308E006C9A53 /* TipCalculatorTests.swift in Sources */,
			);
			runOnlyForDeploymentPostprocessing = 0;
		};
		F65ABA44212F308E006C9A53 /* Sources */ = {
			isa = PBXSourcesBuildPhase;
			buildActionMask = 2147483647;
			files = (
				F65ABA4D212F308E006C9A53 /* TipCalculatorUITests.swift in Sources */,
			);
			runOnlyForDeploymentPostprocessing = 0;
		};
/* End PBXSourcesBuildPhase section */

/* Begin PBXTargetDependency section */
		F65ABA3F212F308E006C9A53 /* PBXTargetDependency */ = {
			isa = PBXTargetDependency;
			target = F65ABA28212F308E006C9A53 /* TipCalculator */;
			targetProxy = F65ABA3E212F308E006C9A53 /* PBXContainerItemProxy */;
		};
		F65ABA4A212F308E006C9A53 /* PBXTargetDependency */ = {
			isa = PBXTargetDependency;
			target = F65ABA28212F308E006C9A53 /* TipCalculator */;
			targetProxy = F65ABA49212F308E006C9A53 /* PBXContainerItemProxy */;
		};
/* End PBXTargetDependency section */

/* Begin PBXVariantGroup section */
		F65ABA30212F308E006C9A53 /* Main.storyboard */ = {
			isa = PBXVariantGroup;
			children = (
				F65ABA31212F308E006C9A53 /* Base */,
			);
			name = Main.storyboard;
			sourceTree = "<group>";
		};
		F65ABA35212F308E006C9A53 /* LaunchScreen.storyboard */ = {
			isa = PBXVariantGroup;
			children = (
				F65ABA36212F308E006C9A53 /* Base */,
			);
			name = LaunchScreen.storyboard;
			sourceTree = "<group>";
		};
/* End PBXVariantGroup section */

/* Begin XCBuildConfiguration section */
		F65ABA4F212F308E006C9A53 /* Debug */ = {
			isa = XCBuildConfiguration;
			buildSettings = {
				ALWAYS_SEARCH_USER_PATHS = NO;
				CLANG_ANALYZER_NONNULL = YES;
				CLANG_ANALYZER_NUMBER_OBJECT_CONVERSION = YES_AGGRESSIVE;
				CLANG_CXX_LANGUAGE_STANDARD = "gnu++0x";
				CLANG_CXX_LIBRARY = "libc++";
				CLANG_ENABLE_MODULES = YES;
				CLANG_ENABLE_OBJC_ARC = YES;
				CLANG_WARN_BOOL_CONVERSION = YES;
				CLANG_WARN_CONSTANT_CONVERSION = YES;
				CLANG_WARN_DIRECT_OBJC_ISA_USAGE = YES_ERROR;
				CLANG_WARN_DOCUMENTATION_COMMENTS = YES;
				CLANG_WARN_EMPTY_BODY = YES;
				CLANG_WARN_ENUM_CONVERSION = YES;
				CLANG_WARN_INFINITE_RECURSION = YES;
				CLANG_WARN_INT_CONVERSION = YES;
				CLANG_WARN_OBJC_ROOT_CLASS = YES_ERROR;
				CLANG_WARN_SUSPICIOUS_MOVE = YES;
				CLANG_WARN_UNREACHABLE_CODE = YES;
				CLANG_WARN__DUPLICATE_METHOD_MATCH = YES;
				"CODE_SIGN_IDENTITY[sdk=iphoneos*]" = "iPhone Developer";
				COPY_PHASE_STRIP = NO;
				DEBUG_INFORMATION_FORMAT = dwarf;
				ENABLE_STRICT_OBJC_MSGSEND = YES;
				ENABLE_TESTABILITY = YES;
				GCC_C_LANGUAGE_STANDARD = gnu99;
				GCC_DYNAMIC_NO_PIC = NO;
				GCC_NO_COMMON_BLOCKS = YES;
				GCC_OPTIMIZATION_LEVEL = 0;
				GCC_PREPROCESSOR_DEFINITIONS = (
					"DEBUG=1",
					"$(inherited)",
				);
				GCC_WARN_64_TO_32_BIT_CONVERSION = YES;
				GCC_WARN_ABOUT_RETURN_TYPE = YES_ERROR;
				GCC_WARN_UNDECLARED_SELECTOR = YES;
				GCC_WARN_UNINITIALIZED_AUTOS = YES_AGGRESSIVE;
				GCC_WARN_UNUSED_FUNCTION = YES;
				GCC_WARN_UNUSED_VARIABLE = YES;
				IPHONEOS_DEPLOYMENT_TARGET = 10.3;
				MTL_ENABLE_DEBUG_INFO = YES;
				ONLY_ACTIVE_ARCH = YES;
				SDKROOT = iphoneos;
				SWIFT_ACTIVE_COMPILATION_CONDITIONS = DEBUG;
				SWIFT_OPTIMIZATION_LEVEL = "-Onone";
			};
			name = Debug;
		};
		F65ABA50212F308E006C9A53 /* Release */ = {
			isa = XCBuildConfiguration;
			buildSettings = {
				ALWAYS_SEARCH_USER_PATHS = NO;
				CLANG_ANALYZER_NONNULL = YES;
				CLANG_ANALYZER_NUMBER_OBJECT_CONVERSION = YES_AGGRESSIVE;
				CLANG_CXX_LANGUAGE_STANDARD = "gnu++0x";
				CLANG_CXX_LIBRARY = "libc++";
				CLANG_ENABLE_MODULES = YES;
				CLANG_ENABLE_OBJC_ARC = YES;
				CLANG_WARN_BOOL_CONVERSION = YES;
				CLANG_WARN_CONSTANT_CONVERSION = YES;
				CLANG_WARN_DIRECT_OBJC_ISA_USAGE = YES_ERROR;
				CLANG_WARN_DOCUMENTATION_COMMENTS = YES;
				CLANG_WARN_EMPTY_BODY = YES;
				CLANG_WARN_ENUM_CONVERSION = YES;
				CLANG_WARN_INFINITE_RECURSION = YES;
				CLANG_WARN_INT_CONVERSION = YES;
				CLANG_WARN_OBJC_ROOT_CLASS = YES_ERROR;
				CLANG_WARN_SUSPICIOUS_MOVE = YES;
				CLANG_WARN_UNREACHABLE_CODE = YES;
				CLANG_WARN__DUPLICATE_METHOD_MATCH = YES;
				"CODE_SIGN_IDENTITY[sdk=iphoneos*]" = "iPhone Developer";
				COPY_PHASE_STRIP = NO;
				DEBUG_INFORMATION_FORMAT = "dwarf-with-dsym";
				ENABLE_NS_ASSERTIONS = NO;
				ENABLE_STRICT_OBJC_MSGSEND = YES;
				GCC_C_LANGUAGE_STANDARD = gnu99;
				GCC_NO_COMMON_BLOCKS = YES;
				GCC_WARN_64_TO_32_BIT_CONVERSION = YES;
				GCC_WARN_ABOUT_RETURN_TYPE = YES_ERROR;
				GCC_WARN_UNDECLARED_SELECTOR = YES;
				GCC_WARN_UNINITIALIZED_AUTOS = YES_AGGRESSIVE;
				GCC_WARN_UNUSED_FUNCTION = YES;
				GCC_WARN_UNUSED_VARIABLE = YES;
				IPHONEOS_DEPLOYMENT_TARGET = 10.3;
				MTL_ENABLE_DEBUG_INFO = NO;
				SDKROOT = iphoneos;
				SWIFT_OPTIMIZATION_LEVEL = "-Owholemodule";
				VALIDATE_PRODUCT = YES;
			};
			name = Release;
		};
		F65ABA52212F308E006C9A53 /* Debug */ = {
			isa = XCBuildConfiguration;
			buildSettings = {
				ASSETCATALOG_COMPILER_APPICON_NAME = AppIcon;
				INFOPLIST_FILE = TipCalculator/Info.plist;
				LD_RUNPATH_SEARCH_PATHS = "$(inherited) @executable_path/Frameworks";
				PRODUCT_BUNDLE_IDENTIFIER = shrijanaryal.TipCalculator;
				PRODUCT_NAME = "$(TARGET_NAME)";
				SWIFT_VERSION = 3.0;
			};
			name = Debug;
		};
		F65ABA53212F308E006C9A53 /* Release */ = {
			isa = XCBuildConfiguration;
			buildSettings = {
				ASSETCATALOG_COMPILER_APPICON_NAME = AppIcon;
				INFOPLIST_FILE = TipCalculator/Info.plist;
				LD_RUNPATH_SEARCH_PATHS = "$(inherited) @executable_path/Frameworks";
				PRODUCT_BUNDLE_IDENTIFIER = shrijanaryal.TipCalculator;
				PRODUCT_NAME = "$(TARGET_NAME)";
				SWIFT_VERSION = 3.0;
			};
			name = Release;
		};
		F65ABA55212F308E006C9A53 /* Debug */ = {
			isa = XCBuildConfiguration;
			buildSettings = {
				ALWAYS_EMBED_SWIFT_STANDARD_LIBRARIES = YES;
				BUNDLE_LOADER = "$(TEST_HOST)";
				INFOPLIST_FILE = TipCalculatorTests/Info.plist;
				LD_RUNPATH_SEARCH_PATHS = "$(inherited) @executable_path/Frameworks @loader_path/Frameworks";
				PRODUCT_BUNDLE_IDENTIFIER = shrijanaryal.TipCalculatorTests;
				PRODUCT_NAME = "$(TARGET_NAME)";
				SWIFT_VERSION = 3.0;
				TEST_HOST = "$(BUILT_PRODUCTS_DIR)/TipCalculator.app/TipCalculator";
			};
			name = Debug;
		};
		F65ABA56212F308E006C9A53 /* Release */ = {
			isa = XCBuildConfiguration;
			buildSettings = {
				ALWAYS_EMBED_SWIFT_STANDARD_LIBRARIES = YES;
				BUNDLE_LOADER = "$(TEST_HOST)";
				INFOPLIST_FILE = TipCalculatorTests/Info.plist;
				LD_RUNPATH_SEARCH_PATHS = "$(inherited) @executable_path/Frameworks @loader_path/Frameworks";
				PRODUCT_BUNDLE_IDENTIFIER = shrijanaryal.TipCalculatorTests;
				PRODUCT_NAME = "$(TARGET_NAME)";
				SWIFT_VERSION = 3.0;
				TEST_HOST = "$(BUILT_PRODUCTS_DIR)/TipCalculator.app/TipCalculator";
			};
			name = Release;
		};
		F65ABA58212F308E006C9A53 /* Debug */ = {
			isa = XCBuildConfiguration;
			buildSettings = {
				ALWAYS_EMBED_SWIFT_STANDARD_LIBRARIES = YES;
				INFOPLIST_FILE = TipCalculatorUITests/Info.plist;
				LD_RUNPATH_SEARCH_PATHS = "$(inherited) @executable_path/Frameworks @loader_path/Frameworks";
				PRODUCT_BUNDLE_IDENTIFIER = shrijanaryal.TipCalculatorUITests;
				PRODUCT_NAME = "$(TARGET_NAME)";
				SWIFT_VERSION = 3.0;
				TEST_TARGET_NAME = TipCalculator;
			};
			name = Debug;
		};
		F65ABA59212F308E006C9A53 /* Release */ = {
			isa = XCBuildConfiguration;
			buildSettings = {
				ALWAYS_EMBED_SWIFT_STANDARD_LIBRARIES = YES;
				INFOPLIST_FILE = TipCalculatorUITests/Info.plist;
				LD_RUNPATH_SEARCH_PATHS = "$(inherited) @executable_path/Frameworks @loader_path/Frameworks";
				PRODUCT_BUNDLE_IDENTIFIER = shrijanaryal.TipCalculatorUITests;
				PRODUCT_NAME = "$(TARGET_NAME)";
				SWIFT_VERSION = 3.0;
				TEST_TARGET_NAME = TipCalculator;
			};
			name = Release;
		};
/* End XCBuildConfiguration section */

/* Begin XCConfigurationList section */
		F65ABA24212F308E006C9A53 /* Build configuration list for PBXProject "TipCalculator" */ = {
			isa = XCConfigurationList;
			buildConfigurations = (
				F65ABA4F212F308E006C9A53 /* Debug */,
				F65ABA50212F308E006C9A53 /* Release */,
			);
			defaultConfigurationIsVisible = 0;
			defaultConfigurationName = Release;
		};
		F65ABA51212F308E006C9A53 /* Build configuration list for PBXNativeTarget "TipCalculator" */ = {
			isa = XCConfigurationList;
			buildConfigurations = (
				F65ABA52212F308E006C9A53 /* Debug */,
				F65ABA53212F308E006C9A53 /* Release */,
			);
			defaultConfigurationIsVisible = 0;
			defaultConfigurationName = Release;
		};
		F65ABA54212F308E006C9A53 /* Build configuration list for PBXNativeTarget "TipCalculatorTests" */ = {
			isa = XCConfigurationList;
			buildConfigurations = (
				F65ABA55212F308E006C9A53 /* Debug */,
				F65ABA56212F308E006C9A53 /* Release */,
			);
			defaultConfigurationIsVisible = 0;
			defaultConfigurationName = Release;
		};
		F65ABA57212F308E006C9A53 /* Build configuration list for PBXNativeTarget "TipCalculatorUITests" */ = {
			isa = XCConfigurationList;
			buildConfigurations = (
				F65ABA58212F308E006C9A53 /* Debug */,
				F65ABA59212F308E006C9A53 /* Release */,
			);
			defaultConfigurationIsVisible = 0;
			defaultConfigurationName = Release;
		};
/* End XCConfigurationList section */
	};
	rootObject = F65ABA21212F308E006C9A53 /* Project object */;
}
